
Microsoft Visual Studio Solution File, Format Version 12.00
# Visual Studio Version 17
VisualStudioVersion = 17.9.34728.123
MinimumVisualStudioVersion = 10.0.40219.1
Project("{FAE04EC0-301F-11D3-BF4B-00C04F79EFBC}") = "UrunEklemeListeleme", "UrunEklemeListeleme\UrunEklemeListeleme.csproj", "{40BB3009-08EC-402C-94F8-D43E9BC2EA41}"
EndProject
Global
	GlobalSection(SolutionConfigurationPlatforms) = preSolution
		Debug|Any CPU = Debug|Any CPU
		Release|Any CPU = Release|Any CPU
	EndGlobalSection
	GlobalSection(ProjectConfigurationPlatforms) = postSolution
		{40BB3009-08EC-402C-94F8-D43E9BC2EA41}.Debug|Any CPU.ActiveCfg = Debug|Any CPU
		{40BB3009-08EC-402C-94F8-D43E9BC2EA41}.Debug|Any CPU.Build.0 = Debug|Any CPU
		{40BB3009-08EC-402C-94F8-D43E9BC2EA41}.Release|Any CPU.ActiveCfg = Release|Any CPU
		{40BB3009-08EC-402C-94F8-D43E9BC2EA41}.Release|Any CPU.Build.0 = Release|Any CPU
	EndGlobalSection
	GlobalSection(SolutionProperties) = preSolution
		HideSolutionNode = FALSE
	EndGlobalSection
	GlobalSection(ExtensibilityGlobals) = postSolution
		SolutionGuid = {FF75EB00-F441-45AC-8443-954BF05291E9}
	EndGlobalSection
EndGlobal
